
Microsoft Visual Studio Solution File, Format Version 12.00
# Visual Studio Version 17
VisualStudioVersion = 17.11.35327.3
MinimumVisualStudioVersion = 10.0.40219.1
Project("{FAE04EC0-301F-11D3-BF4B-00C04F79EFBC}") = "EmployeeApp", "EmployeeApp.csproj", "{A18579F8-BACB-4DF1-B155-66BB375E44C3}"
EndProject
Global
	GlobalSection(SolutionConfigurationPlatforms) = preSolution
		Debug|Any CPU = Debug|Any CPU
		Release|Any CPU = Release|Any CPU
	EndGlobalSection
	GlobalSection(ProjectConfigurationPlatforms) = postSolution
		{A18579F8-BACB-4DF1-B155-66BB375E44C3}.Debug|Any CPU.ActiveCfg = Debug|Any CPU
		{A18579F8-BACB-4DF1-B155-66BB375E44C3}.Debug|Any CPU.Build.0 = Debug|Any CPU
		{A18579F8-BACB-4DF1-B155-66BB375E44C3}.Release|Any CPU.ActiveCfg = Release|Any CPU
		{A18579F8-BACB-4DF1-B155-66BB375E44C3}.Release|Any CPU.Build.0 = Release|Any CPU
	EndGlobalSection
	GlobalSection(SolutionProperties) = preSolution
		HideSolutionNode = FALSE
	EndGlobalSection
	GlobalSection(ExtensibilityGlobals) = postSolution
		SolutionGuid = {9133B668-5C61-426D-BC93-12F749650BB5}
	EndGlobalSection
EndGlobal
