
Microsoft Visual Studio Solution File, Format Version 12.00
# Visual Studio Version 17
VisualStudioVersion = 17.11.35327.3
MinimumVisualStudioVersion = 10.0.40219.1
Project("{FAE04EC0-301F-11D3-BF4B-00C04F79EFBC}") = "EmployeeDetailApp", "EmployeeDetailApp.csproj", "{A2B25D76-5953-4A1B-9F68-91C779C4F96C}"
EndProject
Global
	GlobalSection(SolutionConfigurationPlatforms) = preSolution
		Debug|Any CPU = Debug|Any CPU
		Release|Any CPU = Release|Any CPU
	EndGlobalSection
	GlobalSection(ProjectConfigurationPlatforms) = postSolution
		{A2B25D76-5953-4A1B-9F68-91C779C4F96C}.Debug|Any CPU.ActiveCfg = Debug|Any CPU
		{A2B25D76-5953-4A1B-9F68-91C779C4F96C}.Debug|Any CPU.Build.0 = Debug|Any CPU
		{A2B25D76-5953-4A1B-9F68-91C779C4F96C}.Release|Any CPU.ActiveCfg = Release|Any CPU
		{A2B25D76-5953-4A1B-9F68-91C779C4F96C}.Release|Any CPU.Build.0 = Release|Any CPU
	EndGlobalSection
	GlobalSection(SolutionProperties) = preSolution
		HideSolutionNode = FALSE
	EndGlobalSection
	GlobalSection(ExtensibilityGlobals) = postSolution
		SolutionGuid = {6D676924-DCEE-422B-A935-0BB1A4D7CA3D}
	EndGlobalSection
EndGlobal
